
Microsoft Visual Studio Solution File, Format Version 12.00
# Visual Studio Version 17
VisualStudioVersion = 17.5.33414.496
MinimumVisualStudioVersion = 10.0.40219.1
Project("{FAE04EC0-301F-11D3-BF4B-00C04F79EFBC}") = "Laundryku", "Laundryku\Laundryku.csproj", "{E8AF1E7D-40FD-4A60-BD82-DAD0C8747B90}"
EndProject
Global
	GlobalSection(SolutionConfigurationPlatforms) = preSolution
		Debug|Any CPU = Debug|Any CPU
		Release|Any CPU = Release|Any CPU
	EndGlobalSection
	GlobalSection(ProjectConfigurationPlatforms) = postSolution
		{E8AF1E7D-40FD-4A60-BD82-DAD0C8747B90}.Debug|Any CPU.ActiveCfg = Debug|Any CPU
		{E8AF1E7D-40FD-4A60-BD82-DAD0C8747B90}.Debug|Any CPU.Build.0 = Debug|Any CPU
		{E8AF1E7D-40FD-4A60-BD82-DAD0C8747B90}.Release|Any CPU.ActiveCfg = Release|Any CPU
		{E8AF1E7D-40FD-4A60-BD82-DAD0C8747B90}.Release|Any CPU.Build.0 = Release|Any CPU
	EndGlobalSection
	GlobalSection(SolutionProperties) = preSolution
		HideSolutionNode = FALSE
	EndGlobalSection
	GlobalSection(ExtensibilityGlobals) = postSolution
		SolutionGuid = {3E0E1937-A997-42BA-8375-1E11498EF6D8}
	EndGlobalSection
EndGlobal
